
Microsoft Visual Studio Solution File, Format Version 10.00
# Visual Studio 2008
Project("{FAE04EC0-301F-11D3-BF4B-00C04F79EFBC}") = "CardLib", "CardLib\CardLib.csproj", "{5D5AD4AB-166E-4757-B31F-C554CE7A325A}"
EndProject
Project("{FAE04EC0-301F-11D3-BF4B-00C04F79EFBC}") = "ShuffleMeter", "ShuffleMeter\ShuffleMeter.csproj", "{63110D45-EF0E-4EB0-BC80-E6E29487B09A}"
EndProject
Global
	GlobalSection(SolutionConfigurationPlatforms) = preSolution
		Debug|Any CPU = Debug|Any CPU
		Release|Any CPU = Release|Any CPU
	EndGlobalSection
	GlobalSection(ProjectConfigurationPlatforms) = postSolution
		{5D5AD4AB-166E-4757-B31F-C554CE7A325A}.Debug|Any CPU.ActiveCfg = Debug|Any CPU
		{5D5AD4AB-166E-4757-B31F-C554CE7A325A}.Debug|Any CPU.Build.0 = Debug|Any CPU
		{5D5AD4AB-166E-4757-B31F-C554CE7A325A}.Release|Any CPU.ActiveCfg = Release|Any CPU
		{5D5AD4AB-166E-4757-B31F-C554CE7A325A}.Release|Any CPU.Build.0 = Release|Any CPU
		{63110D45-EF0E-4EB0-BC80-E6E29487B09A}.Debug|Any CPU.ActiveCfg = Debug|Any CPU
		{63110D45-EF0E-4EB0-BC80-E6E29487B09A}.Debug|Any CPU.Build.0 = Debug|Any CPU
		{63110D45-EF0E-4EB0-BC80-E6E29487B09A}.Release|Any CPU.ActiveCfg = Release|Any CPU
		{63110D45-EF0E-4EB0-BC80-E6E29487B09A}.Release|Any CPU.Build.0 = Release|Any CPU
	EndGlobalSection
	GlobalSection(MonoDevelopProperties) = preSolution
		StartupItem = ShuffleMeter\ShuffleMeter.csproj
		Policies = $0
		$0.DotNetNamingPolicy = $1
		$1.DirectoryNamespaceAssociation = None
		$1.ResourceNamePolicy = FileName
		$0.TextStylePolicy = $2
		$2.FileWidth = 120
		$2.TabWidth = 4
		$2.inheritsSet = Mono
		$2.inheritsScope = text/plain
		$2.scope = text/plain
		$0.TextStylePolicy = $3
		$3.inheritsSet = Mono
		$3.inheritsScope = text/plain
		$3.scope = text/x-csharp
		$0.CSharpFormattingPolicy = $4
		$4.IndentSwitchBody = True
		$4.NamespaceBraceStyle = EndOfLine
		$4.ClassBraceStyle = EndOfLine
		$4.InterfaceBraceStyle = EndOfLine
		$4.StructBraceStyle = EndOfLine
		$4.EnumBraceStyle = EndOfLine
		$4.MethodBraceStyle = EndOfLine
		$4.ConstructorBraceStyle = EndOfLine
		$4.DestructorBraceStyle = EndOfLine
		$4.IfElseBraceForcement = AddBraces
		$4.ForBraceForcement = AddBraces
		$4.ForEachBraceForcement = AddBraces
		$4.WhileBraceForcement = AddBraces
		$4.UsingBraceForcement = AddBraces
		$4.FixedBraceForcement = AddBraces
		$4.BeforeMethodCallParentheses = False
		$4.BeforeMethodDeclarationParentheses = False
		$4.BeforeConstructorDeclarationParentheses = False
		$4.BeforeDelegateDeclarationParentheses = False
		$4.NewParentheses = False
		$4.SpacesAfterTypecast = True
		$4.inheritsSet = Mono
		$4.inheritsScope = text/x-csharp
		$4.scope = text/x-csharp
		$0.StandardHeader = $5
		$5.Text = 
		$5.inheritsSet = MITX11License
		$0.VersionControlPolicy = $6
		$6.inheritsSet = Mono
		$0.ChangeLogPolicy = $7
		$7.UpdateMode = None
		$7.MessageStyle = $8
		$8.LineAlign = 0
		$7.inheritsSet = Mono
	EndGlobalSection
EndGlobal
