
Microsoft Visual Studio Solution File, Format Version 10.00
# Visual Studio 2008
Project("{FAE04EC0-301F-11D3-BF4B-00C04F79EFBC}") = "CardLib", "CardLib\CardLib.csproj", "{5D5AD4AB-166E-4757-B31F-C554CE7A325A}"
EndProject
Project("{FAE04EC0-301F-11D3-BF4B-00C04F79EFBC}") = "ShuffleMeterTest", "ShuffleMeterTest\ShuffleMeterTest.csproj", "{EACADEEC-D150-4DCB-A01C-853D41661E18}"
EndProject
Global
	GlobalSection(SolutionConfigurationPlatforms) = preSolution
		Debug|Any CPU = Debug|Any CPU
		Release|Any CPU = Release|Any CPU
		Default|Any CPU = Default|Any CPU
	EndGlobalSection
	GlobalSection(ProjectConfigurationPlatforms) = postSolution
		{5D5AD4AB-166E-4757-B31F-C554CE7A325A}.Debug|Any CPU.ActiveCfg = Debug|Any CPU
		{5D5AD4AB-166E-4757-B31F-C554CE7A325A}.Debug|Any CPU.Build.0 = Debug|Any CPU
		{5D5AD4AB-166E-4757-B31F-C554CE7A325A}.Release|Any CPU.ActiveCfg = Release|Any CPU
		{5D5AD4AB-166E-4757-B31F-C554CE7A325A}.Release|Any CPU.Build.0 = Release|Any CPU
		{EACADEEC-D150-4DCB-A01C-853D41661E18}.Debug|Any CPU.ActiveCfg = Debug|Any CPU
		{EACADEEC-D150-4DCB-A01C-853D41661E18}.Debug|Any CPU.Build.0 = Debug|Any CPU
		{EACADEEC-D150-4DCB-A01C-853D41661E18}.Default|Any CPU.ActiveCfg = Debug|Any CPU
		{EACADEEC-D150-4DCB-A01C-853D41661E18}.Default|Any CPU.Build.0 = Debug|Any CPU
		{EACADEEC-D150-4DCB-A01C-853D41661E18}.Release|Any CPU.ActiveCfg = Release|Any CPU
		{EACADEEC-D150-4DCB-A01C-853D41661E18}.Release|Any CPU.Build.0 = Release|Any CPU
	EndGlobalSection
	GlobalSection(MonoDevelopProperties) = preSolution
		StartupItem = ShuffleMeterTest\ShuffleMeterTest.csproj
	EndGlobalSection
EndGlobal
